// !$*UTF8*$!
{
	archiveVersion = 1;
	classes = {
	};
	objectVersion = 56;
	objects = {

/* Begin PBXBuildFile section */
		2C1CFBAC2BD222B500AACE78 /* SettingsVC.swift in Sources */ = {isa = PBXBuildFile; fileRef = 2C1CFBAB2BD222B500AACE78 /* SettingsVC.swift */; };
		2C1CFBAE2BD222C900AACE78 /* NotificationsVC.swift in Sources */ = {isa = PBXBuildFile; fileRef = 2C1CFBAD2BD222C900AACE78 /* NotificationsVC.swift */; };
		2C1CFBB02BD222E200AACE78 /* quizHistoryVC.swift in Sources */ = {isa = PBXBuildFile; fileRef = 2C1CFBAF2BD222E200AACE78 /* quizHistoryVC.swift */; };
		2C1CFBB22BD2231200AACE78 /* createdQuizzesVC.swift in Sources */ = {isa = PBXBuildFile; fileRef = 2C1CFBB12BD2231200AACE78 /* createdQuizzesVC.swift */; };
		2C675C2A2B871268006D93C7 /* AnimatedGradientView in Frameworks */ = {isa = PBXBuildFile; productRef = 2C675C292B871268006D93C7 /* AnimatedGradientView */; };
		47286D962BB511AC0044A0B2 /* ResetpasswordVC.swift in Sources */ = {isa = PBXBuildFile; fileRef = 47286D952BB511AC0044A0B2 /* ResetpasswordVC.swift */; };
		475734C12BCA37D700FC0941 /* ProfileTVC.swift in Sources */ = {isa = PBXBuildFile; fileRef = 475734C02BCA37D700FC0941 /* ProfileTVC.swift */; };
		475734C32BCA381200FC0941 /* ProfileTVCell.swift in Sources */ = {isa = PBXBuildFile; fileRef = 475734C22BCA381200FC0941 /* ProfileTVCell.swift */; };
		E20906BD2BD0A23C00E43462 /* SubjectModel.swift in Sources */ = {isa = PBXBuildFile; fileRef = E20906BC2BD0A23C00E43462 /* SubjectModel.swift */; };
		E20906C02BD0A26A00E43462 /* Alamofire in Frameworks */ = {isa = PBXBuildFile; productRef = E20906BF2BD0A26A00E43462 /* Alamofire */; };
		E20906C22BD0A26A00E43462 /* AlamofireDynamic in Frameworks */ = {isa = PBXBuildFile; productRef = E20906C12BD0A26A00E43462 /* AlamofireDynamic */; };
		E20906C42BD0A2C000E43462 /* QuizModel.swift in Sources */ = {isa = PBXBuildFile; fileRef = E20906C32BD0A2C000E43462 /* QuizModel.swift */; };
		E20906C72BD0A64600E43462 /* QuizVC.swift in Sources */ = {isa = PBXBuildFile; fileRef = E20906C62BD0A64600E43462 /* QuizVC.swift */; };
		E20906CA2BD0AAD800E43462 /* QuizTopicsVC.swift in Sources */ = {isa = PBXBuildFile; fileRef = E20906C92BD0AAD800E43462 /* QuizTopicsVC.swift */; };
		E223A8482BC8AC310043014E /* Model.swift in Sources */ = {isa = PBXBuildFile; fileRef = E223A8472BC8AC310043014E /* Model.swift */; };
		E24BCCB22B93DEEC007A3AC1 /* GoogleService-Info.plist in Resources */ = {isa = PBXBuildFile; fileRef = E24BCCB12B93DEEC007A3AC1 /* GoogleService-Info.plist */; };
		E24BCCB52B93E036007A3AC1 /* FirebaseAuth in Frameworks */ = {isa = PBXBuildFile; productRef = E24BCCB42B93E036007A3AC1 /* FirebaseAuth */; };
		E24BCCC42B9C28C4007A3AC1 /* CreateQuizVC.swift in Sources */ = {isa = PBXBuildFile; fileRef = E24BCCC32B9C28C4007A3AC1 /* CreateQuizVC.swift */; };
		E24BCCC62B9C28FF007A3AC1 /* LeaderBoardVC.swift in Sources */ = {isa = PBXBuildFile; fileRef = E24BCCC52B9C28FF007A3AC1 /* LeaderBoardVC.swift */; };
		E24BCCC82B9C290D007A3AC1 /* ProfileVC.swift in Sources */ = {isa = PBXBuildFile; fileRef = E24BCCC72B9C290D007A3AC1 /* ProfileVC.swift */; };
		E25594362BB7C78200DFA9B8 /* AuthenticationModel.swift in Sources */ = {isa = PBXBuildFile; fileRef = E25594352BB7C78200DFA9B8 /* AuthenticationModel.swift */; };
		E26AC3E12B86C0A700BB5A7D /* AppDelegate.swift in Sources */ = {isa = PBXBuildFile; fileRef = E26AC3E02B86C0A700BB5A7D /* AppDelegate.swift */; };
		E26AC3E32B86C0A700BB5A7D /* SceneDelegate.swift in Sources */ = {isa = PBXBuildFile; fileRef = E26AC3E22B86C0A700BB5A7D /* SceneDelegate.swift */; };
		E26AC3E52B86C0A700BB5A7D /* OpenPageVC.swift in Sources */ = {isa = PBXBuildFile; fileRef = E26AC3E42B86C0A700BB5A7D /* OpenPageVC.swift */; };
		E26AC3E82B86C0A700BB5A7D /* Main.storyboard in Resources */ = {isa = PBXBuildFile; fileRef = E26AC3E62B86C0A700BB5A7D /* Main.storyboard */; };
		E26AC3EA2B86C0A800BB5A7D /* Assets.xcassets in Resources */ = {isa = PBXBuildFile; fileRef = E26AC3E92B86C0A800BB5A7D /* Assets.xcassets */; };
		E26AC3ED2B86C0A800BB5A7D /* LaunchScreen.storyboard in Resources */ = {isa = PBXBuildFile; fileRef = E26AC3EB2B86C0A800BB5A7D /* LaunchScreen.storyboard */; };
		E26AC3F82B86C0A800BB5A7D /* QuizyQuizTests.swift in Sources */ = {isa = PBXBuildFile; fileRef = E26AC3F72B86C0A800BB5A7D /* QuizyQuizTests.swift */; };
		E26AC4022B86C0A800BB5A7D /* QuizyQuizUITests.swift in Sources */ = {isa = PBXBuildFile; fileRef = E26AC4012B86C0A800BB5A7D /* QuizyQuizUITests.swift */; };
		E26AC4042B86C0A800BB5A7D /* QuizyQuizUITestsLaunchTests.swift in Sources */ = {isa = PBXBuildFile; fileRef = E26AC4032B86C0A800BB5A7D /* QuizyQuizUITestsLaunchTests.swift */; };
		E26AC4122B86C22200BB5A7D /* Lottie in Frameworks */ = {isa = PBXBuildFile; productRef = E26AC4112B86C22200BB5A7D /* Lottie */; };
		E27831AB2B895F8A00819CB4 /* LoginVC.swift in Sources */ = {isa = PBXBuildFile; fileRef = E27831AA2B895F8A00819CB4 /* LoginVC.swift */; };
		E27831AD2B895FA400819CB4 /* SignUpVC.swift in Sources */ = {isa = PBXBuildFile; fileRef = E27831AC2B895FA400819CB4 /* SignUpVC.swift */; };
		E29DCBF92BB74CD100352E24 /* MakingQUiz.swift in Sources */ = {isa = PBXBuildFile; fileRef = E29DCBF82BB74CD100352E24 /* MakingQUiz.swift */; };
		E2AFB9742BD24C1A00B2828B /* FirebaseAnalytics in Frameworks */ = {isa = PBXBuildFile; productRef = E2AFB9732BD24C1A00B2828B /* FirebaseAnalytics */; };
		E2AFB9762BD24C1A00B2828B /* FirebaseAnalyticsOnDeviceConversion in Frameworks */ = {isa = PBXBuildFile; productRef = E2AFB9752BD24C1A00B2828B /* FirebaseAnalyticsOnDeviceConversion */; };
		E2AFB9782BD24C1A00B2828B /* FirebaseAnalyticsSwift in Frameworks */ = {isa = PBXBuildFile; productRef = E2AFB9772BD24C1A00B2828B /* FirebaseAnalyticsSwift */; };
		E2AFB97A2BD24C1A00B2828B /* FirebaseAnalyticsWithoutAdIdSupport in Frameworks */ = {isa = PBXBuildFile; productRef = E2AFB9792BD24C1A00B2828B /* FirebaseAnalyticsWithoutAdIdSupport */; };
		E2AFB97C2BD24C1A00B2828B /* FirebaseAppCheck in Frameworks */ = {isa = PBXBuildFile; productRef = E2AFB97B2BD24C1A00B2828B /* FirebaseAppCheck */; };
		E2AFB97E2BD24C1A00B2828B /* FirebaseAppDistribution-Beta in Frameworks */ = {isa = PBXBuildFile; productRef = E2AFB97D2BD24C1A00B2828B /* FirebaseAppDistribution-Beta */; };
		E2AFB9802BD24C1A00B2828B /* FirebaseAuthCombine-Community in Frameworks */ = {isa = PBXBuildFile; productRef = E2AFB97F2BD24C1A00B2828B /* FirebaseAuthCombine-Community */; };
		E2AFB9822BD24C1A00B2828B /* FirebaseCrashlytics in Frameworks */ = {isa = PBXBuildFile; productRef = E2AFB9812BD24C1A00B2828B /* FirebaseCrashlytics */; };
		E2AFB9842BD24C1A00B2828B /* FirebaseDatabase in Frameworks */ = {isa = PBXBuildFile; productRef = E2AFB9832BD24C1A00B2828B /* FirebaseDatabase */; };
		E2AFB9862BD24C1A00B2828B /* FirebaseDatabaseSwift in Frameworks */ = {isa = PBXBuildFile; productRef = E2AFB9852BD24C1A00B2828B /* FirebaseDatabaseSwift */; };
		E2AFB9882BD24C1A00B2828B /* FirebaseDynamicLinks in Frameworks */ = {isa = PBXBuildFile; productRef = E2AFB9872BD24C1A00B2828B /* FirebaseDynamicLinks */; };
		E2AFB98A2BD24C1A00B2828B /* FirebaseFirestore in Frameworks */ = {isa = PBXBuildFile; productRef = E2AFB9892BD24C1A00B2828B /* FirebaseFirestore */; };
		E2AFB98C2BD24C1A00B2828B /* FirebaseFirestoreCombine-Community in Frameworks */ = {isa = PBXBuildFile; productRef = E2AFB98B2BD24C1A00B2828B /* FirebaseFirestoreCombine-Community */; };
		E2AFB98E2BD24C1A00B2828B /* FirebaseFirestoreSwift in Frameworks */ = {isa = PBXBuildFile; productRef = E2AFB98D2BD24C1A00B2828B /* FirebaseFirestoreSwift */; };
		E2AFB9902BD24C1A00B2828B /* FirebaseFunctions in Frameworks */ = {isa = PBXBuildFile; productRef = E2AFB98F2BD24C1A00B2828B /* FirebaseFunctions */; };
		E2AFB9922BD24C1A00B2828B /* FirebaseFunctionsCombine-Community in Frameworks */ = {isa = PBXBuildFile; productRef = E2AFB9912BD24C1A00B2828B /* FirebaseFunctionsCombine-Community */; };
		E2AFB9942BD24C1A00B2828B /* FirebaseInAppMessaging-Beta in Frameworks */ = {isa = PBXBuildFile; productRef = E2AFB9932BD24C1A00B2828B /* FirebaseInAppMessaging-Beta */; };
		E2AFB9962BD24C1A00B2828B /* FirebaseInAppMessagingSwift-Beta in Frameworks */ = {isa = PBXBuildFile; productRef = E2AFB9952BD24C1A00B2828B /* FirebaseInAppMessagingSwift-Beta */; };
		E2AFB9982BD24C1A00B2828B /* FirebaseInstallations in Frameworks */ = {isa = PBXBuildFile; productRef = E2AFB9972BD24C1A00B2828B /* FirebaseInstallations */; };
		E2AFB99A2BD24C1A00B2828B /* FirebaseMLModelDownloader in Frameworks */ = {isa = PBXBuildFile; productRef = E2AFB9992BD24C1A00B2828B /* FirebaseMLModelDownloader */; };
		E2AFB99C2BD24C1A00B2828B /* FirebaseMessaging in Frameworks */ = {isa = PBXBuildFile; productRef = E2AFB99B2BD24C1A00B2828B /* FirebaseMessaging */; };
		E2AFB99E2BD24C1A00B2828B /* FirebasePerformance in Frameworks */ = {isa = PBXBuildFile; productRef = E2AFB99D2BD24C1A00B2828B /* FirebasePerformance */; };
		E2AFB9A02BD24C1A00B2828B /* FirebaseRemoteConfig in Frameworks */ = {isa = PBXBuildFile; productRef = E2AFB99F2BD24C1A00B2828B /* FirebaseRemoteConfig */; };
		E2AFB9A22BD24C1A00B2828B /* FirebaseRemoteConfigSwift in Frameworks */ = {isa = PBXBuildFile; productRef = E2AFB9A12BD24C1A00B2828B /* FirebaseRemoteConfigSwift */; };
		E2AFB9A42BD24C1A00B2828B /* FirebaseStorage in Frameworks */ = {isa = PBXBuildFile; productRef = E2AFB9A32BD24C1A00B2828B /* FirebaseStorage */; };
		E2AFB9A62BD24C1A00B2828B /* FirebaseStorageCombine-Community in Frameworks */ = {isa = PBXBuildFile; productRef = E2AFB9A52BD24C1A00B2828B /* FirebaseStorageCombine-Community */; };
		E2F29DFF2B8C33F100DAC806 /* HomePageVC.swift in Sources */ = {isa = PBXBuildFile; fileRef = E2F29DFE2B8C33F100DAC806 /* HomePageVC.swift */; };
/* End PBXBuildFile section */

/* Begin PBXContainerItemProxy section */
		E26AC3F42B86C0A800BB5A7D /* PBXContainerItemProxy */ = {
			isa = PBXContainerItemProxy;
			containerPortal = E26AC3D52B86C0A700BB5A7D /* Project object */;
			proxyType = 1;
			remoteGlobalIDString = E26AC3DC2B86C0A700BB5A7D;
			remoteInfo = QuizyQuiz;
		};
		E26AC3FE2B86C0A800BB5A7D /* PBXContainerItemProxy */ = {
			isa = PBXContainerItemProxy;
			containerPortal = E26AC3D52B86C0A700BB5A7D /* Project object */;
			proxyType = 1;
			remoteGlobalIDString = E26AC3DC2B86C0A700BB5A7D;
			remoteInfo = QuizyQuiz;
		};
/* End PBXContainerItemProxy section */

/* Begin PBXFileReference section */
		2C1CFBAB2BD222B500AACE78 /* SettingsVC.swift */ = {isa = PBXFileReference; lastKnownFileType = sourcecode.swift; path = SettingsVC.swift; sourceTree = "<group>"; };
		2C1CFBAD2BD222C900AACE78 /* NotificationsVC.swift */ = {isa = PBXFileReference; lastKnownFileType = sourcecode.swift; path = NotificationsVC.swift; sourceTree = "<group>"; };
		2C1CFBAF2BD222E200AACE78 /* quizHistoryVC.swift */ = {isa = PBXFileReference; lastKnownFileType = sourcecode.swift; path = quizHistoryVC.swift; sourceTree = "<group>"; };
		2C1CFBB12BD2231200AACE78 /* createdQuizzesVC.swift */ = {isa = PBXFileReference; lastKnownFileType = sourcecode.swift; path = createdQuizzesVC.swift; sourceTree = "<group>"; };
		47286D952BB511AC0044A0B2 /* ResetpasswordVC.swift */ = {isa = PBXFileReference; lastKnownFileType = sourcecode.swift; path = ResetpasswordVC.swift; sourceTree = "<group>"; };
		475734C02BCA37D700FC0941 /* ProfileTVC.swift */ = {isa = PBXFileReference; lastKnownFileType = sourcecode.swift; path = ProfileTVC.swift; sourceTree = "<group>"; };
		475734C22BCA381200FC0941 /* ProfileTVCell.swift */ = {isa = PBXFileReference; lastKnownFileType = sourcecode.swift; path = ProfileTVCell.swift; sourceTree = "<group>"; };
		E20906BC2BD0A23C00E43462 /* SubjectModel.swift */ = {isa = PBXFileReference; fileEncoding = 4; lastKnownFileType = sourcecode.swift; path = SubjectModel.swift; sourceTree = "<group>"; };
		E20906C32BD0A2C000E43462 /* QuizModel.swift */ = {isa = PBXFileReference; fileEncoding = 4; lastKnownFileType = sourcecode.swift; path = QuizModel.swift; sourceTree = "<group>"; };
		E20906C62BD0A64600E43462 /* QuizVC.swift */ = {isa = PBXFileReference; lastKnownFileType = sourcecode.swift; path = QuizVC.swift; sourceTree = "<group>"; };
		E20906C92BD0AAD800E43462 /* QuizTopicsVC.swift */ = {isa = PBXFileReference; lastKnownFileType = sourcecode.swift; path = QuizTopicsVC.swift; sourceTree = "<group>"; };
		E223A8472BC8AC310043014E /* Model.swift */ = {isa = PBXFileReference; lastKnownFileType = sourcecode.swift; path = Model.swift; sourceTree = "<group>"; };
		E24BCCB12B93DEEC007A3AC1 /* GoogleService-Info.plist */ = {isa = PBXFileReference; fileEncoding = 4; lastKnownFileType = text.plist.xml; path = "GoogleService-Info.plist"; sourceTree = "<group>"; };
		E24BCCC32B9C28C4007A3AC1 /* CreateQuizVC.swift */ = {isa = PBXFileReference; lastKnownFileType = sourcecode.swift; path = CreateQuizVC.swift; sourceTree = "<group>"; };
		E24BCCC52B9C28FF007A3AC1 /* LeaderBoardVC.swift */ = {isa = PBXFileReference; lastKnownFileType = sourcecode.swift; path = LeaderBoardVC.swift; sourceTree = "<group>"; };
		E24BCCC72B9C290D007A3AC1 /* ProfileVC.swift */ = {isa = PBXFileReference; lastKnownFileType = sourcecode.swift; path = ProfileVC.swift; sourceTree = "<group>"; };
		E25594352BB7C78200DFA9B8 /* AuthenticationModel.swift */ = {isa = PBXFileReference; fileEncoding = 4; lastKnownFileType = sourcecode.swift; path = AuthenticationModel.swift; sourceTree = "<group>"; };
		E26AC3DD2B86C0A700BB5A7D /* QuizyQuiz.app */ = {isa = PBXFileReference; explicitFileType = wrapper.application; includeInIndex = 0; path = QuizyQuiz.app; sourceTree = BUILT_PRODUCTS_DIR; };
		E26AC3E02B86C0A700BB5A7D /* AppDelegate.swift */ = {isa = PBXFileReference; lastKnownFileType = sourcecode.swift; path = AppDelegate.swift; sourceTree = "<group>"; };
		E26AC3E22B86C0A700BB5A7D /* SceneDelegate.swift */ = {isa = PBXFileReference; lastKnownFileType = sourcecode.swift; path = SceneDelegate.swift; sourceTree = "<group>"; };
		E26AC3E42B86C0A700BB5A7D /* OpenPageVC.swift */ = {isa = PBXFileReference; lastKnownFileType = sourcecode.swift; path = OpenPageVC.swift; sourceTree = "<group>"; };
		E26AC3E72B86C0A700BB5A7D /* Base */ = {isa = PBXFileReference; lastKnownFileType = file.storyboard; name = Base; path = Base.lproj/Main.storyboard; sourceTree = "<group>"; };
		E26AC3E92B86C0A800BB5A7D /* Assets.xcassets */ = {isa = PBXFileReference; lastKnownFileType = folder.assetcatalog; path = Assets.xcassets; sourceTree = "<group>"; };
		E26AC3EC2B86C0A800BB5A7D /* Base */ = {isa = PBXFileReference; lastKnownFileType = file.storyboard; name = Base; path = Base.lproj/LaunchScreen.storyboard; sourceTree = "<group>"; };
		E26AC3EE2B86C0A800BB5A7D /* Info.plist */ = {isa = PBXFileReference; lastKnownFileType = text.plist.xml; path = Info.plist; sourceTree = "<group>"; };
		E26AC3F32B86C0A800BB5A7D /* QuizyQuizTests.xctest */ = {isa = PBXFileReference; explicitFileType = wrapper.cfbundle; includeInIndex = 0; path = QuizyQuizTests.xctest; sourceTree = BUILT_PRODUCTS_DIR; };
		E26AC3F72B86C0A800BB5A7D /* QuizyQuizTests.swift */ = {isa = PBXFileReference; lastKnownFileType = sourcecode.swift; path = QuizyQuizTests.swift; sourceTree = "<group>"; };
		E26AC3FD2B86C0A800BB5A7D /* QuizyQuizUITests.xctest */ = {isa = PBXFileReference; explicitFileType = wrapper.cfbundle; includeInIndex = 0; path = QuizyQuizUITests.xctest; sourceTree = BUILT_PRODUCTS_DIR; };
		E26AC4012B86C0A800BB5A7D /* QuizyQuizUITests.swift */ = {isa = PBXFileReference; lastKnownFileType = sourcecode.swift; path = QuizyQuizUITests.swift; sourceTree = "<group>"; };
		E26AC4032B86C0A800BB5A7D /* QuizyQuizUITestsLaunchTests.swift */ = {isa = PBXFileReference; lastKnownFileType = sourcecode.swift; path = QuizyQuizUITestsLaunchTests.swift; sourceTree = "<group>"; };
		E27831AA2B895F8A00819CB4 /* LoginVC.swift */ = {isa = PBXFileReference; lastKnownFileType = sourcecode.swift; path = LoginVC.swift; sourceTree = "<group>"; };
		E27831AC2B895FA400819CB4 /* SignUpVC.swift */ = {isa = PBXFileReference; lastKnownFileType = sourcecode.swift; path = SignUpVC.swift; sourceTree = "<group>"; };
		E29DCBF82BB74CD100352E24 /* MakingQUiz.swift */ = {isa = PBXFileReference; lastKnownFileType = sourcecode.swift; path = MakingQUiz.swift; sourceTree = "<group>"; };
		E2F29DFE2B8C33F100DAC806 /* HomePageVC.swift */ = {isa = PBXFileReference; lastKnownFileType = sourcecode.swift; path = HomePageVC.swift; sourceTree = "<group>"; };
/* End PBXFileReference section */

/* Begin PBXFrameworksBuildPhase section */
		E26AC3DA2B86C0A700BB5A7D /* Frameworks */ = {
			isa = PBXFrameworksBuildPhase;
			buildActionMask = 2147483647;
			files = (
				E2AFB9862BD24C1A00B2828B /* FirebaseDatabaseSwift in Frameworks */,
				2C675C2A2B871268006D93C7 /* AnimatedGradientView in Frameworks */,
				E2AFB99E2BD24C1A00B2828B /* FirebasePerformance in Frameworks */,
				E2AFB9A02BD24C1A00B2828B /* FirebaseRemoteConfig in Frameworks */,
				E20906C02BD0A26A00E43462 /* Alamofire in Frameworks */,
				E2AFB9982BD24C1A00B2828B /* FirebaseInstallations in Frameworks */,
				E2AFB98C2BD24C1A00B2828B /* FirebaseFirestoreCombine-Community in Frameworks */,
				E2AFB9962BD24C1A00B2828B /* FirebaseInAppMessagingSwift-Beta in Frameworks */,
				E2AFB9742BD24C1A00B2828B /* FirebaseAnalytics in Frameworks */,
				E2AFB99A2BD24C1A00B2828B /* FirebaseMLModelDownloader in Frameworks */,
				E2AFB99C2BD24C1A00B2828B /* FirebaseMessaging in Frameworks */,
				E2AFB98E2BD24C1A00B2828B /* FirebaseFirestoreSwift in Frameworks */,
				E2AFB98A2BD24C1A00B2828B /* FirebaseFirestore in Frameworks */,
				E2AFB9902BD24C1A00B2828B /* FirebaseFunctions in Frameworks */,
				E2AFB9762BD24C1A00B2828B /* FirebaseAnalyticsOnDeviceConversion in Frameworks */,
				E2AFB9782BD24C1A00B2828B /* FirebaseAnalyticsSwift in Frameworks */,
				E20906C22BD0A26A00E43462 /* AlamofireDynamic in Frameworks */,
				E24BCCB52B93E036007A3AC1 /* FirebaseAuth in Frameworks */,
				E2AFB9802BD24C1A00B2828B /* FirebaseAuthCombine-Community in Frameworks */,
				E2AFB97A2BD24C1A00B2828B /* FirebaseAnalyticsWithoutAdIdSupport in Frameworks */,
				E2AFB9922BD24C1A00B2828B /* FirebaseFunctionsCombine-Community in Frameworks */,
				E2AFB9822BD24C1A00B2828B /* FirebaseCrashlytics in Frameworks */,
				E2AFB9882BD24C1A00B2828B /* FirebaseDynamicLinks in Frameworks */,
				E2AFB9A42BD24C1A00B2828B /* FirebaseStorage in Frameworks */,
				E2AFB9942BD24C1A00B2828B /* FirebaseInAppMessaging-Beta in Frameworks */,
				E2AFB9A22BD24C1A00B2828B /* FirebaseRemoteConfigSwift in Frameworks */,
				E2AFB97C2BD24C1A00B2828B /* FirebaseAppCheck in Frameworks */,
				E2AFB9A62BD24C1A00B2828B /* FirebaseStorageCombine-Community in Frameworks */,
				E2AFB97E2BD24C1A00B2828B /* FirebaseAppDistribution-Beta in Frameworks */,
				E2AFB9842BD24C1A00B2828B /* FirebaseDatabase in Frameworks */,
				E26AC4122B86C22200BB5A7D /* Lottie in Frameworks */,
			);
			runOnlyForDeploymentPostprocessing = 0;
		};
		E26AC3F02B86C0A800BB5A7D /* Frameworks */ = {
			isa = PBXFrameworksBuildPhase;
			buildActionMask = 2147483647;
			files = (
			);
			runOnlyForDeploymentPostprocessing = 0;
		};
		E26AC3FA2B86C0A800BB5A7D /* Frameworks */ = {
			isa = PBXFrameworksBuildPhase;
			buildActionMask = 2147483647;
			files = (
			);
			runOnlyForDeploymentPostprocessing = 0;
		};
/* End PBXFrameworksBuildPhase section */

/* Begin PBXGroup section */
		2C1CFBB32BD2249300AACE78 /* profile */ = {
			isa = PBXGroup;
			children = (
				2C1CFBAB2BD222B500AACE78 /* SettingsVC.swift */,
				2C1CFBAD2BD222C900AACE78 /* NotificationsVC.swift */,
				2C1CFBAF2BD222E200AACE78 /* quizHistoryVC.swift */,
				2C1CFBB12BD2231200AACE78 /* createdQuizzesVC.swift */,
			);
			path = profile;
			sourceTree = "<group>";
		};
		E20906C52BD0A30600E43462 /* Model */ = {
			isa = PBXGroup;
			children = (
				E20906BC2BD0A23C00E43462 /* SubjectModel.swift */,
				E20906C32BD0A2C000E43462 /* QuizModel.swift */,
			);
			path = Model;
			sourceTree = "<group>";
		};
		E20906C82BD0AAA900E43462 /* Home */ = {
			isa = PBXGroup;
			children = (
				E2F29DFE2B8C33F100DAC806 /* HomePageVC.swift */,
				E20906C92BD0AAD800E43462 /* QuizTopicsVC.swift */,
				E20906C62BD0A64600E43462 /* QuizVC.swift */,
			);
			path = Home;
			sourceTree = "<group>";
		};
		E24BCCC22B9C2883007A3AC1 /* App */ = {
			isa = PBXGroup;
			children = (
				E24BCCC52B9C28FF007A3AC1 /* LeaderBoardVC.swift */,
				E223A8472BC8AC310043014E /* Model.swift */,
				E24BCCC72B9C290D007A3AC1 /* ProfileVC.swift */,
				E25594352BB7C78200DFA9B8 /* AuthenticationModel.swift */,
			);
			path = App;
			sourceTree = "<group>";
		};
		E26AC3D42B86C0A700BB5A7D = {
			isa = PBXGroup;
			children = (
				E26AC3DF2B86C0A700BB5A7D /* QuizyQuiz */,
				E26AC3F62B86C0A800BB5A7D /* QuizyQuizTests */,
				E26AC4002B86C0A800BB5A7D /* QuizyQuizUITests */,
				E26AC3DE2B86C0A700BB5A7D /* Products */,
			);
			sourceTree = "<group>";
		};
		E26AC3DE2B86C0A700BB5A7D /* Products */ = {
			isa = PBXGroup;
			children = (
				E26AC3DD2B86C0A700BB5A7D /* QuizyQuiz.app */,
				E26AC3F32B86C0A800BB5A7D /* QuizyQuizTests.xctest */,
				E26AC3FD2B86C0A800BB5A7D /* QuizyQuizUITests.xctest */,
			);
			name = Products;
			sourceTree = "<group>";
		};
		E26AC3DF2B86C0A700BB5A7D /* QuizyQuiz */ = {
			isa = PBXGroup;
			children = (
				E20906C52BD0A30600E43462 /* Model */,
				475734C02BCA37D700FC0941 /* ProfileTVC.swift */,
				475734C22BCA381200FC0941 /* ProfileTVCell.swift */,
				E26AC3E02B86C0A700BB5A7D /* AppDelegate.swift */,
				E26AC3E22B86C0A700BB5A7D /* SceneDelegate.swift */,
				E26AC3E42B86C0A700BB5A7D /* OpenPageVC.swift */,
				E27831AE2B89933700819CB4 /* Login */,
				E26AC3E62B86C0A700BB5A7D /* Main.storyboard */,
				2C1CFBB32BD2249300AACE78 /* profile */,
				E20906C82BD0AAA900E43462 /* Home */,
				E2AFB9722BD244F700B2828B /* CreatingQuiz */,
				47286D952BB511AC0044A0B2 /* ResetpasswordVC.swift */,
				E24BCCC22B9C2883007A3AC1 /* App */,
				E26AC3E92B86C0A800BB5A7D /* Assets.xcassets */,
				E26AC3EB2B86C0A800BB5A7D /* LaunchScreen.storyboard */,
				E26AC3EE2B86C0A800BB5A7D /* Info.plist */,
				E24BCCB12B93DEEC007A3AC1 /* GoogleService-Info.plist */,
			);
			path = QuizyQuiz;
			sourceTree = "<group>";
		};
		E26AC3F62B86C0A800BB5A7D /* QuizyQuizTests */ = {
			isa = PBXGroup;
			children = (
				E26AC3F72B86C0A800BB5A7D /* QuizyQuizTests.swift */,
			);
			path = QuizyQuizTests;
			sourceTree = "<group>";
		};
		E26AC4002B86C0A800BB5A7D /* QuizyQuizUITests */ = {
			isa = PBXGroup;
			children = (
				E26AC4012B86C0A800BB5A7D /* QuizyQuizUITests.swift */,
				E26AC4032B86C0A800BB5A7D /* QuizyQuizUITestsLaunchTests.swift */,
			);
			path = QuizyQuizUITests;
			sourceTree = "<group>";
		};
		E27831AE2B89933700819CB4 /* Login */ = {
			isa = PBXGroup;
			children = (
				E27831AA2B895F8A00819CB4 /* LoginVC.swift */,
				E27831AC2B895FA400819CB4 /* SignUpVC.swift */,
			);
			path = Login;
			sourceTree = "<group>";
		};
		E2AFB9722BD244F700B2828B /* CreatingQuiz */ = {
			isa = PBXGroup;
			children = (
				E29DCBF82BB74CD100352E24 /* MakingQUiz.swift */,
				E24BCCC32B9C28C4007A3AC1 /* CreateQuizVC.swift */,
			);
			path = CreatingQuiz;
			sourceTree = "<group>";
		};
/* End PBXGroup section */

/* Begin PBXNativeTarget section */
		E26AC3DC2B86C0A700BB5A7D /* QuizyQuiz */ = {
			isa = PBXNativeTarget;
			buildConfigurationList = E26AC4072B86C0A800BB5A7D /* Build configuration list for PBXNativeTarget "QuizyQuiz" */;
			buildPhases = (
				E26AC3D92B86C0A700BB5A7D /* Sources */,
				E26AC3DA2B86C0A700BB5A7D /* Frameworks */,
				E26AC3DB2B86C0A700BB5A7D /* Resources */,
			);
			buildRules = (
			);
			dependencies = (
			);
			name = QuizyQuiz;
			packageProductDependencies = (
				E26AC4112B86C22200BB5A7D /* Lottie */,
				2C675C292B871268006D93C7 /* AnimatedGradientView */,
				E24BCCB42B93E036007A3AC1 /* FirebaseAuth */,
				E20906BF2BD0A26A00E43462 /* Alamofire */,
				E20906C12BD0A26A00E43462 /* AlamofireDynamic */,
				E2AFB9732BD24C1A00B2828B /* FirebaseAnalytics */,
				E2AFB9752BD24C1A00B2828B /* FirebaseAnalyticsOnDeviceConversion */,
				E2AFB9772BD24C1A00B2828B /* FirebaseAnalyticsSwift */,
				E2AFB9792BD24C1A00B2828B /* FirebaseAnalyticsWithoutAdIdSupport */,
				E2AFB97B2BD24C1A00B2828B /* FirebaseAppCheck */,
				E2AFB97D2BD24C1A00B2828B /* FirebaseAppDistribution-Beta */,
				E2AFB97F2BD24C1A00B2828B /* FirebaseAuthCombine-Community */,
				E2AFB9812BD24C1A00B2828B /* FirebaseCrashlytics */,
				E2AFB9832BD24C1A00B2828B /* FirebaseDatabase */,
				E2AFB9852BD24C1A00B2828B /* FirebaseDatabaseSwift */,
				E2AFB9872BD24C1A00B2828B /* FirebaseDynamicLinks */,
				E2AFB9892BD24C1A00B2828B /* FirebaseFirestore */,
				E2AFB98B2BD24C1A00B2828B /* FirebaseFirestoreCombine-Community */,
				E2AFB98D2BD24C1A00B2828B /* FirebaseFirestoreSwift */,
				E2AFB98F2BD24C1A00B2828B /* FirebaseFunctions */,
				E2AFB9912BD24C1A00B2828B /* FirebaseFunctionsCombine-Community */,
				E2AFB9932BD24C1A00B2828B /* FirebaseInAppMessaging-Beta */,
				E2AFB9952BD24C1A00B2828B /* FirebaseInAppMessagingSwift-Beta */,
				E2AFB9972BD24C1A00B2828B /* FirebaseInstallations */,
				E2AFB9992BD24C1A00B2828B /* FirebaseMLModelDownloader */,
				E2AFB99B2BD24C1A00B2828B /* FirebaseMessaging */,
				E2AFB99D2BD24C1A00B2828B /* FirebasePerformance */,
				E2AFB99F2BD24C1A00B2828B /* FirebaseRemoteConfig */,
				E2AFB9A12BD24C1A00B2828B /* FirebaseRemoteConfigSwift */,
				E2AFB9A32BD24C1A00B2828B /* FirebaseStorage */,
				E2AFB9A52BD24C1A00B2828B /* FirebaseStorageCombine-Community */,
			);
			productName = QuizyQuiz;
			productReference = E26AC3DD2B86C0A700BB5A7D /* QuizyQuiz.app */;
			productType = "com.apple.product-type.application";
		};
		E26AC3F22B86C0A800BB5A7D /* QuizyQuizTests */ = {
			isa = PBXNativeTarget;
			buildConfigurationList = E26AC40A2B86C0A800BB5A7D /* Build configuration list for PBXNativeTarget "QuizyQuizTests" */;
			buildPhases = (
				E26AC3EF2B86C0A800BB5A7D /* Sources */,
				E26AC3F02B86C0A800BB5A7D /* Frameworks */,
				E26AC3F12B86C0A800BB5A7D /* Resources */,
			);
			buildRules = (
			);
			dependencies = (
				E26AC3F52B86C0A800BB5A7D /* PBXTargetDependency */,
			);
			name = QuizyQuizTests;
			productName = QuizyQuizTests;
			productReference = E26AC3F32B86C0A800BB5A7D /* QuizyQuizTests.xctest */;
			productType = "com.apple.product-type.bundle.unit-test";
		};
		E26AC3FC2B86C0A800BB5A7D /* QuizyQuizUITests */ = {
			isa = PBXNativeTarget;
			buildConfigurationList = E26AC40D2B86C0A800BB5A7D /* Build configuration list for PBXNativeTarget "QuizyQuizUITests" */;
			buildPhases = (
				E26AC3F92B86C0A800BB5A7D /* Sources */,
				E26AC3FA2B86C0A800BB5A7D /* Frameworks */,
				E26AC3FB2B86C0A800BB5A7D /* Resources */,
			);
			buildRules = (
			);
			dependencies = (
				E26AC3FF2B86C0A800BB5A7D /* PBXTargetDependency */,
			);
			name = QuizyQuizUITests;
			productName = QuizyQuizUITests;
			productReference = E26AC3FD2B86C0A800BB5A7D /* QuizyQuizUITests.xctest */;
			productType = "com.apple.product-type.bundle.ui-testing";
		};
/* End PBXNativeTarget section */

/* Begin PBXProject section */
		E26AC3D52B86C0A700BB5A7D /* Project object */ = {
			isa = PBXProject;
			attributes = {
				BuildIndependentTargetsInParallel = 1;
				LastSwiftUpdateCheck = 1520;
				LastUpgradeCheck = 1520;
				TargetAttributes = {
					E26AC3DC2B86C0A700BB5A7D = {
						CreatedOnToolsVersion = 15.2;
					};
					E26AC3F22B86C0A800BB5A7D = {
						CreatedOnToolsVersion = 15.2;
						TestTargetID = E26AC3DC2B86C0A700BB5A7D;
					};
					E26AC3FC2B86C0A800BB5A7D = {
						CreatedOnToolsVersion = 15.2;
						TestTargetID = E26AC3DC2B86C0A700BB5A7D;
					};
				};
			};
			buildConfigurationList = E26AC3D82B86C0A700BB5A7D /* Build configuration list for PBXProject "QuizyQuiz" */;
			compatibilityVersion = "Xcode 14.0";
			developmentRegion = en;
			hasScannedForEncodings = 0;
			knownRegions = (
				en,
				Base,
			);
			mainGroup = E26AC3D42B86C0A700BB5A7D;
			packageReferences = (
				E26AC4102B86C22200BB5A7D /* XCRemoteSwiftPackageReference "lottie-ios" */,
				2C675C282B871268006D93C7 /* XCRemoteSwiftPackageReference "AnimatedGradientView" */,
				E24BCCB32B93DFA4007A3AC1 /* XCRemoteSwiftPackageReference "firebase-ios-sdk" */,
				E20906BE2BD0A26A00E43462 /* XCRemoteSwiftPackageReference "Alamofire" */,
			);
			productRefGroup = E26AC3DE2B86C0A700BB5A7D /* Products */;
			projectDirPath = "";
			projectRoot = "";
			targets = (
				E26AC3DC2B86C0A700BB5A7D /* QuizyQuiz */,
				E26AC3F22B86C0A800BB5A7D /* QuizyQuizTests */,
				E26AC3FC2B86C0A800BB5A7D /* QuizyQuizUITests */,
			);
		};
/* End PBXProject section */

/* Begin PBXResourcesBuildPhase section */
		E26AC3DB2B86C0A700BB5A7D /* Resources */ = {
			isa = PBXResourcesBuildPhase;
			buildActionMask = 2147483647;
			files = (
				E26AC3ED2B86C0A800BB5A7D /* LaunchScreen.storyboard in Resources */,
				E24BCCB22B93DEEC007A3AC1 /* GoogleService-Info.plist in Resources */,
				E26AC3EA2B86C0A800BB5A7D /* Assets.xcassets in Resources */,
				E26AC3E82B86C0A700BB5A7D /* Main.storyboard in Resources */,
			);
			runOnlyForDeploymentPostprocessing = 0;
		};
		E26AC3F12B86C0A800BB5A7D /* Resources */ = {
			isa = PBXResourcesBuildPhase;
			buildActionMask = 2147483647;
			files = (
			);
			runOnlyForDeploymentPostprocessing = 0;
		};
		E26AC3FB2B86C0A800BB5A7D /* Resources */ = {
			isa = PBXResourcesBuildPhase;
			buildActionMask = 2147483647;
			files = (
			);
			runOnlyForDeploymentPostprocessing = 0;
		};
/* End PBXResourcesBuildPhase section */

/* Begin PBXSourcesBuildPhase section */
		E26AC3D92B86C0A700BB5A7D /* Sources */ = {
			isa = PBXSourcesBuildPhase;
			buildActionMask = 2147483647;
			files = (
				E26AC3E52B86C0A700BB5A7D /* OpenPageVC.swift in Sources */,
				E25594362BB7C78200DFA9B8 /* AuthenticationModel.swift in Sources */,
				E26AC3E12B86C0A700BB5A7D /* AppDelegate.swift in Sources */,
				2C1CFBB02BD222E200AACE78 /* quizHistoryVC.swift in Sources */,
				E2F29DFF2B8C33F100DAC806 /* HomePageVC.swift in Sources */,
				E29DCBF92BB74CD100352E24 /* MakingQUiz.swift in Sources */,
				47286D962BB511AC0044A0B2 /* ResetpasswordVC.swift in Sources */,
				E24BCCC82B9C290D007A3AC1 /* ProfileVC.swift in Sources */,
				E223A8482BC8AC310043014E /* Model.swift in Sources */,
				E20906CA2BD0AAD800E43462 /* QuizTopicsVC.swift in Sources */,
				E27831AB2B895F8A00819CB4 /* LoginVC.swift in Sources */,
				475734C12BCA37D700FC0941 /* ProfileTVC.swift in Sources */,
				2C1CFBB22BD2231200AACE78 /* createdQuizzesVC.swift in Sources */,
				475734C32BCA381200FC0941 /* ProfileTVCell.swift in Sources */,
				E20906BD2BD0A23C00E43462 /* SubjectModel.swift in Sources */,
				E24BCCC62B9C28FF007A3AC1 /* LeaderBoardVC.swift in Sources */,
				E27831AD2B895FA400819CB4 /* SignUpVC.swift in Sources */,
				E20906C72BD0A64600E43462 /* QuizVC.swift in Sources */,
				E20906C42BD0A2C000E43462 /* QuizModel.swift in Sources */,
				2C1CFBAE2BD222C900AACE78 /* NotificationsVC.swift in Sources */,
				E24BCCC42B9C28C4007A3AC1 /* CreateQuizVC.swift in Sources */,
				2C1CFBAC2BD222B500AACE78 /* SettingsVC.swift in Sources */,
				E26AC3E32B86C0A700BB5A7D /* SceneDelegate.swift in Sources */,
			);
			runOnlyForDeploymentPostprocessing = 0;
		};
		E26AC3EF2B86C0A800BB5A7D /* Sources */ = {
			isa = PBXSourcesBuildPhase;
			buildActionMask = 2147483647;
			files = (
				E26AC3F82B86C0A800BB5A7D /* QuizyQuizTests.swift in Sources */,
			);
			runOnlyForDeploymentPostprocessing = 0;
		};
		E26AC3F92B86C0A800BB5A7D /* Sources */ = {
			isa = PBXSourcesBuildPhase;
			buildActionMask = 2147483647;
			files = (
				E26AC4042B86C0A800BB5A7D /* QuizyQuizUITestsLaunchTests.swift in Sources */,
				E26AC4022B86C0A800BB5A7D /* QuizyQuizUITests.swift in Sources */,
			);
			runOnlyForDeploymentPostprocessing = 0;
		};
/* End PBXSourcesBuildPhase section */

/* Begin PBXTargetDependency section */
		E26AC3F52B86C0A800BB5A7D /* PBXTargetDependency */ = {
			isa = PBXTargetDependency;
			target = E26AC3DC2B86C0A700BB5A7D /* QuizyQuiz */;
			targetProxy = E26AC3F42B86C0A800BB5A7D /* PBXContainerItemProxy */;
		};
		E26AC3FF2B86C0A800BB5A7D /* PBXTargetDependency */ = {
			isa = PBXTargetDependency;
			target = E26AC3DC2B86C0A700BB5A7D /* QuizyQuiz */;
			targetProxy = E26AC3FE2B86C0A800BB5A7D /* PBXContainerItemProxy */;
		};
/* End PBXTargetDependency section */

/* Begin PBXVariantGroup section */
		E26AC3E62B86C0A700BB5A7D /* Main.storyboard */ = {
			isa = PBXVariantGroup;
			children = (
				E26AC3E72B86C0A700BB5A7D /* Base */,
			);
			name = Main.storyboard;
			sourceTree = "<group>";
		};
		E26AC3EB2B86C0A800BB5A7D /* LaunchScreen.storyboard */ = {
			isa = PBXVariantGroup;
			children = (
				E26AC3EC2B86C0A800BB5A7D /* Base */,
			);
			name = LaunchScreen.storyboard;
			sourceTree = "<group>";
		};
/* End PBXVariantGroup section */

/* Begin XCBuildConfiguration section */
		E26AC4052B86C0A800BB5A7D /* Debug */ = {
			isa = XCBuildConfiguration;
			buildSettings = {
				ALWAYS_SEARCH_USER_PATHS = NO;
				ASSETCATALOG_COMPILER_GENERATE_SWIFT_ASSET_SYMBOL_EXTENSIONS = YES;
				CLANG_ANALYZER_NONNULL = YES;
				CLANG_ANALYZER_NUMBER_OBJECT_CONVERSION = YES_AGGRESSIVE;
				CLANG_CXX_LANGUAGE_STANDARD = "gnu++20";
				CLANG_ENABLE_MODULES = YES;
				CLANG_ENABLE_OBJC_ARC = YES;
				CLANG_ENABLE_OBJC_WEAK = YES;
				CLANG_WARN_BLOCK_CAPTURE_AUTORELEASING = YES;
				CLANG_WARN_BOOL_CONVERSION = YES;
				CLANG_WARN_COMMA = YES;
				CLANG_WARN_CONSTANT_CONVERSION = YES;
				CLANG_WARN_DEPRECATED_OBJC_IMPLEMENTATIONS = YES;
				CLANG_WARN_DIRECT_OBJC_ISA_USAGE = YES_ERROR;
				CLANG_WARN_DOCUMENTATION_COMMENTS = YES;
				CLANG_WARN_EMPTY_BODY = YES;
				CLANG_WARN_ENUM_CONVERSION = YES;
				CLANG_WARN_INFINITE_RECURSION = YES;
				CLANG_WARN_INT_CONVERSION = YES;
				CLANG_WARN_NON_LITERAL_NULL_CONVERSION = YES;
				CLANG_WARN_OBJC_IMPLICIT_RETAIN_SELF = YES;
				CLANG_WARN_OBJC_LITERAL_CONVERSION = YES;
				CLANG_WARN_OBJC_ROOT_CLASS = YES_ERROR;
				CLANG_WARN_QUOTED_INCLUDE_IN_FRAMEWORK_HEADER = YES;
				CLANG_WARN_RANGE_LOOP_ANALYSIS = YES;
				CLANG_WARN_STRICT_PROTOTYPES = YES;
				CLANG_WARN_SUSPICIOUS_MOVE = YES;
				CLANG_WARN_UNGUARDED_AVAILABILITY = YES_AGGRESSIVE;
				CLANG_WARN_UNREACHABLE_CODE = YES;
				CLANG_WARN__DUPLICATE_METHOD_MATCH = YES;
				COPY_PHASE_STRIP = NO;
				DEBUG_INFORMATION_FORMAT = dwarf;
				ENABLE_STRICT_OBJC_MSGSEND = YES;
				ENABLE_TESTABILITY = YES;
				ENABLE_USER_SCRIPT_SANDBOXING = YES;
				GCC_C_LANGUAGE_STANDARD = gnu17;
				GCC_DYNAMIC_NO_PIC = NO;
				GCC_NO_COMMON_BLOCKS = YES;
				GCC_OPTIMIZATION_LEVEL = 0;
				GCC_PREPROCESSOR_DEFINITIONS = (
					"DEBUG=1",
					"$(inherited)",
				);
				GCC_WARN_64_TO_32_BIT_CONVERSION = YES;
				GCC_WARN_ABOUT_RETURN_TYPE = YES_ERROR;
				GCC_WARN_UNDECLARED_SELECTOR = YES;
				GCC_WARN_UNINITIALIZED_AUTOS = YES_AGGRESSIVE;
				GCC_WARN_UNUSED_FUNCTION = YES;
				GCC_WARN_UNUSED_VARIABLE = YES;
				IPHONEOS_DEPLOYMENT_TARGET = 17.2;
				LOCALIZATION_PREFERS_STRING_CATALOGS = YES;
				MTL_ENABLE_DEBUG_INFO = INCLUDE_SOURCE;
				MTL_FAST_MATH = YES;
				ONLY_ACTIVE_ARCH = YES;
				SDKROOT = iphoneos;
				SWIFT_ACTIVE_COMPILATION_CONDITIONS = "DEBUG $(inherited)";
				SWIFT_OPTIMIZATION_LEVEL = "-Onone";
			};
			name = Debug;
		};
		E26AC4062B86C0A800BB5A7D /* Release */ = {
			isa = XCBuildConfiguration;
			buildSettings = {
				ALWAYS_SEARCH_USER_PATHS = NO;
				ASSETCATALOG_COMPILER_GENERATE_SWIFT_ASSET_SYMBOL_EXTENSIONS = YES;
				CLANG_ANALYZER_NONNULL = YES;
				CLANG_ANALYZER_NUMBER_OBJECT_CONVERSION = YES_AGGRESSIVE;
				CLANG_CXX_LANGUAGE_STANDARD = "gnu++20";
				CLANG_ENABLE_MODULES = YES;
				CLANG_ENABLE_OBJC_ARC = YES;
				CLANG_ENABLE_OBJC_WEAK = YES;
				CLANG_WARN_BLOCK_CAPTURE_AUTORELEASING = YES;
				CLANG_WARN_BOOL_CONVERSION = YES;
				CLANG_WARN_COMMA = YES;
				CLANG_WARN_CONSTANT_CONVERSION = YES;
				CLANG_WARN_DEPRECATED_OBJC_IMPLEMENTATIONS = YES;
				CLANG_WARN_DIRECT_OBJC_ISA_USAGE = YES_ERROR;
				CLANG_WARN_DOCUMENTATION_COMMENTS = YES;
				CLANG_WARN_EMPTY_BODY = YES;
				CLANG_WARN_ENUM_CONVERSION = YES;
				CLANG_WARN_INFINITE_RECURSION = YES;
				CLANG_WARN_INT_CONVERSION = YES;
				CLANG_WARN_NON_LITERAL_NULL_CONVERSION = YES;
				CLANG_WARN_OBJC_IMPLICIT_RETAIN_SELF = YES;
				CLANG_WARN_OBJC_LITERAL_CONVERSION = YES;
				CLANG_WARN_OBJC_ROOT_CLASS = YES_ERROR;
				CLANG_WARN_QUOTED_INCLUDE_IN_FRAMEWORK_HEADER = YES;
				CLANG_WARN_RANGE_LOOP_ANALYSIS = YES;
				CLANG_WARN_STRICT_PROTOTYPES = YES;
				CLANG_WARN_SUSPICIOUS_MOVE = YES;
				CLANG_WARN_UNGUARDED_AVAILABILITY = YES_AGGRESSIVE;
				CLANG_WARN_UNREACHABLE_CODE = YES;
				CLANG_WARN__DUPLICATE_METHOD_MATCH = YES;
				COPY_PHASE_STRIP = NO;
				DEBUG_INFORMATION_FORMAT = "dwarf-with-dsym";
				ENABLE_NS_ASSERTIONS = NO;
				ENABLE_STRICT_OBJC_MSGSEND = YES;
				ENABLE_USER_SCRIPT_SANDBOXING = YES;
				GCC_C_LANGUAGE_STANDARD = gnu17;
				GCC_NO_COMMON_BLOCKS = YES;
				GCC_WARN_64_TO_32_BIT_CONVERSION = YES;
				GCC_WARN_ABOUT_RETURN_TYPE = YES_ERROR;
				GCC_WARN_UNDECLARED_SELECTOR = YES;
				GCC_WARN_UNINITIALIZED_AUTOS = YES_AGGRESSIVE;
				GCC_WARN_UNUSED_FUNCTION = YES;
				GCC_WARN_UNUSED_VARIABLE = YES;
				IPHONEOS_DEPLOYMENT_TARGET = 17.2;
				LOCALIZATION_PREFERS_STRING_CATALOGS = YES;
				MTL_ENABLE_DEBUG_INFO = NO;
				MTL_FAST_MATH = YES;
				SDKROOT = iphoneos;
				SWIFT_COMPILATION_MODE = wholemodule;
				VALIDATE_PRODUCT = YES;
			};
			name = Release;
		};
		E26AC4082B86C0A800BB5A7D /* Debug */ = {
			isa = XCBuildConfiguration;
			buildSettings = {
				ASSETCATALOG_COMPILER_APPICON_NAME = AppIcon;
				ASSETCATALOG_COMPILER_GLOBAL_ACCENT_COLOR_NAME = AccentColor;
				CODE_SIGN_STYLE = Automatic;
				CURRENT_PROJECT_VERSION = 1;
				GENERATE_INFOPLIST_FILE = YES;
				INFOPLIST_FILE = QuizyQuiz/Info.plist;
				INFOPLIST_KEY_UIApplicationSupportsIndirectInputEvents = YES;
				INFOPLIST_KEY_UILaunchStoryboardName = LaunchScreen;
				INFOPLIST_KEY_UIMainStoryboardFile = Main;
				INFOPLIST_KEY_UISupportedInterfaceOrientations_iPad = "UIInterfaceOrientationPortrait UIInterfaceOrientationPortraitUpsideDown UIInterfaceOrientationLandscapeLeft UIInterfaceOrientationLandscapeRight";
				INFOPLIST_KEY_UISupportedInterfaceOrientations_iPhone = "UIInterfaceOrientationPortrait UIInterfaceOrientationLandscapeLeft UIInterfaceOrientationLandscapeRight";
				LD_RUNPATH_SEARCH_PATHS = (
					"$(inherited)",
					"@executable_path/Frameworks",
				);
				MARKETING_VERSION = 1.0;
				PRODUCT_BUNDLE_IDENTIFIER = edu.nwmissouri.spring24.cs44643.sec04.QuizyQuiz;
				PRODUCT_NAME = "$(TARGET_NAME)";
				SWIFT_EMIT_LOC_STRINGS = YES;
				SWIFT_VERSION = 5.0;
				TARGETED_DEVICE_FAMILY = "1,2";
			};
			name = Debug;
		};
		E26AC4092B86C0A800BB5A7D /* Release */ = {
			isa = XCBuildConfiguration;
			buildSettings = {
				ASSETCATALOG_COMPILER_APPICON_NAME = AppIcon;
				ASSETCATALOG_COMPILER_GLOBAL_ACCENT_COLOR_NAME = AccentColor;
				CODE_SIGN_STYLE = Automatic;
				CURRENT_PROJECT_VERSION = 1;
				GENERATE_INFOPLIST_FILE = YES;
				INFOPLIST_FILE = QuizyQuiz/Info.plist;
				INFOPLIST_KEY_UIApplicationSupportsIndirectInputEvents = YES;
				INFOPLIST_KEY_UILaunchStoryboardName = LaunchScreen;
				INFOPLIST_KEY_UIMainStoryboardFile = Main;
				INFOPLIST_KEY_UISupportedInterfaceOrientations_iPad = "UIInterfaceOrientationPortrait UIInterfaceOrientationPortraitUpsideDown UIInterfaceOrientationLandscapeLeft UIInterfaceOrientationLandscapeRight";
				INFOPLIST_KEY_UISupportedInterfaceOrientations_iPhone = "UIInterfaceOrientationPortrait UIInterfaceOrientationLandscapeLeft UIInterfaceOrientationLandscapeRight";
				LD_RUNPATH_SEARCH_PATHS = (
					"$(inherited)",
					"@executable_path/Frameworks",
				);
				MARKETING_VERSION = 1.0;
				PRODUCT_BUNDLE_IDENTIFIER = edu.nwmissouri.spring24.cs44643.sec04.QuizyQuiz;
				PRODUCT_NAME = "$(TARGET_NAME)";
				SWIFT_EMIT_LOC_STRINGS = YES;
				SWIFT_VERSION = 5.0;
				TARGETED_DEVICE_FAMILY = "1,2";
			};
			name = Release;
		};
		E26AC40B2B86C0A800BB5A7D /* Debug */ = {
			isa = XCBuildConfiguration;
			buildSettings = {
				ALWAYS_EMBED_SWIFT_STANDARD_LIBRARIES = YES;
				BUNDLE_LOADER = "$(TEST_HOST)";
				CODE_SIGN_STYLE = Automatic;
				CURRENT_PROJECT_VERSION = 1;
				GENERATE_INFOPLIST_FILE = YES;
				IPHONEOS_DEPLOYMENT_TARGET = 17.2;
				MARKETING_VERSION = 1.0;
				PRODUCT_BUNDLE_IDENTIFIER = edu.nwmissouri.spring24.cs44643.sec04.QuizyQuizTests;
				PRODUCT_NAME = "$(TARGET_NAME)";
				SWIFT_EMIT_LOC_STRINGS = NO;
				SWIFT_VERSION = 5.0;
				TARGETED_DEVICE_FAMILY = "1,2";
				TEST_HOST = "$(BUILT_PRODUCTS_DIR)/QuizyQuiz.app/$(BUNDLE_EXECUTABLE_FOLDER_PATH)/QuizyQuiz";
			};
			name = Debug;
		};
		E26AC40C2B86C0A800BB5A7D /* Release */ = {
			isa = XCBuildConfiguration;
			buildSettings = {
				ALWAYS_EMBED_SWIFT_STANDARD_LIBRARIES = YES;
				BUNDLE_LOADER = "$(TEST_HOST)";
				CODE_SIGN_STYLE = Automatic;
				CURRENT_PROJECT_VERSION = 1;
				GENERATE_INFOPLIST_FILE = YES;
				IPHONEOS_DEPLOYMENT_TARGET = 17.2;
				MARKETING_VERSION = 1.0;
				PRODUCT_BUNDLE_IDENTIFIER = edu.nwmissouri.spring24.cs44643.sec04.QuizyQuizTests;
				PRODUCT_NAME = "$(TARGET_NAME)";
				SWIFT_EMIT_LOC_STRINGS = NO;
				SWIFT_VERSION = 5.0;
				TARGETED_DEVICE_FAMILY = "1,2";
				TEST_HOST = "$(BUILT_PRODUCTS_DIR)/QuizyQuiz.app/$(BUNDLE_EXECUTABLE_FOLDER_PATH)/QuizyQuiz";
			};
			name = Release;
		};
		E26AC40E2B86C0A800BB5A7D /* Debug */ = {
			isa = XCBuildConfiguration;
			buildSettings = {
				ALWAYS_EMBED_SWIFT_STANDARD_LIBRARIES = YES;
				CODE_SIGN_STYLE = Automatic;
				CURRENT_PROJECT_VERSION = 1;
				GENERATE_INFOPLIST_FILE = YES;
				MARKETING_VERSION = 1.0;
				PRODUCT_BUNDLE_IDENTIFIER = edu.nwmissouri.spring24.cs44643.sec04.QuizyQuizUITests;
				PRODUCT_NAME = "$(TARGET_NAME)";
				SWIFT_EMIT_LOC_STRINGS = NO;
				SWIFT_VERSION = 5.0;
				TARGETED_DEVICE_FAMILY = "1,2";
				TEST_TARGET_NAME = QuizyQuiz;
			};
			name = Debug;
		};
		E26AC40F2B86C0A800BB5A7D /* Release */ = {
			isa = XCBuildConfiguration;
			buildSettings = {
				ALWAYS_EMBED_SWIFT_STANDARD_LIBRARIES = YES;
				CODE_SIGN_STYLE = Automatic;
				CURRENT_PROJECT_VERSION = 1;
				GENERATE_INFOPLIST_FILE = YES;
				MARKETING_VERSION = 1.0;
				PRODUCT_BUNDLE_IDENTIFIER = edu.nwmissouri.spring24.cs44643.sec04.QuizyQuizUITests;
				PRODUCT_NAME = "$(TARGET_NAME)";
				SWIFT_EMIT_LOC_STRINGS = NO;
				SWIFT_VERSION = 5.0;
				TARGETED_DEVICE_FAMILY = "1,2";
				TEST_TARGET_NAME = QuizyQuiz;
			};
			name = Release;
		};
/* End XCBuildConfiguration section */

/* Begin XCConfigurationList section */
		E26AC3D82B86C0A700BB5A7D /* Build configuration list for PBXProject "QuizyQuiz" */ = {
			isa = XCConfigurationList;
			buildConfigurations = (
				E26AC4052B86C0A800BB5A7D /* Debug */,
				E26AC4062B86C0A800BB5A7D /* Release */,
			);
			defaultConfigurationIsVisible = 0;
			defaultConfigurationName = Release;
		};
		E26AC4072B86C0A800BB5A7D /* Build configuration list for PBXNativeTarget "QuizyQuiz" */ = {
			isa = XCConfigurationList;
			buildConfigurations = (
				E26AC4082B86C0A800BB5A7D /* Debug */,
				E26AC4092B86C0A800BB5A7D /* Release */,
			);
			defaultConfigurationIsVisible = 0;
			defaultConfigurationName = Release;
		};
		E26AC40A2B86C0A800BB5A7D /* Build configuration list for PBXNativeTarget "QuizyQuizTests" */ = {
			isa = XCConfigurationList;
			buildConfigurations = (
				E26AC40B2B86C0A800BB5A7D /* Debug */,
				E26AC40C2B86C0A800BB5A7D /* Release */,
			);
			defaultConfigurationIsVisible = 0;
			defaultConfigurationName = Release;
		};
		E26AC40D2B86C0A800BB5A7D /* Build configuration list for PBXNativeTarget "QuizyQuizUITests" */ = {
			isa = XCConfigurationList;
			buildConfigurations = (
				E26AC40E2B86C0A800BB5A7D /* Debug */,
				E26AC40F2B86C0A800BB5A7D /* Release */,
			);
			defaultConfigurationIsVisible = 0;
			defaultConfigurationName = Release;
		};
/* End XCConfigurationList section */

/* Begin XCRemoteSwiftPackageReference section */
		2C675C282B871268006D93C7 /* XCRemoteSwiftPackageReference "AnimatedGradientView" */ = {
			isa = XCRemoteSwiftPackageReference;
			repositoryURL = "https://github.com/rwbutler/AnimatedGradientView.git";
			requirement = {
				kind = upToNextMajorVersion;
				minimumVersion = 3.1.1;
			};
		};
		E20906BE2BD0A26A00E43462 /* XCRemoteSwiftPackageReference "Alamofire" */ = {
			isa = XCRemoteSwiftPackageReference;
			repositoryURL = "https://github.com/Alamofire/Alamofire.git";
			requirement = {
				kind = upToNextMajorVersion;
				minimumVersion = 5.9.1;
			};
		};
		E24BCCB32B93DFA4007A3AC1 /* XCRemoteSwiftPackageReference "firebase-ios-sdk" */ = {
			isa = XCRemoteSwiftPackageReference;
			repositoryURL = "https://github.com/firebase/firebase-ios-sdk";
			requirement = {
				kind = upToNextMajorVersion;
				minimumVersion = 10.21.0;
			};
		};
		E26AC4102B86C22200BB5A7D /* XCRemoteSwiftPackageReference "lottie-ios" */ = {
			isa = XCRemoteSwiftPackageReference;
			repositoryURL = "https://github.com/airbnb/lottie-ios.git";
			requirement = {
				kind = upToNextMajorVersion;
				minimumVersion = 4.4.1;
			};
		};
/* End XCRemoteSwiftPackageReference section */

/* Begin XCSwiftPackageProductDependency section */
		2C675C292B871268006D93C7 /* AnimatedGradientView */ = {
			isa = XCSwiftPackageProductDependency;
			package = 2C675C282B871268006D93C7 /* XCRemoteSwiftPackageReference "AnimatedGradientView" */;
			productName = AnimatedGradientView;
		};
		E20906BF2BD0A26A00E43462 /* Alamofire */ = {
			isa = XCSwiftPackageProductDependency;
			package = E20906BE2BD0A26A00E43462 /* XCRemoteSwiftPackageReference "Alamofire" */;
			productName = Alamofire;
		};
		E20906C12BD0A26A00E43462 /* AlamofireDynamic */ = {
			isa = XCSwiftPackageProductDependency;
			package = E20906BE2BD0A26A00E43462 /* XCRemoteSwiftPackageReference "Alamofire" */;
			productName = AlamofireDynamic;
		};
		E24BCCB42B93E036007A3AC1 /* FirebaseAuth */ = {
			isa = XCSwiftPackageProductDependency;
			package = E24BCCB32B93DFA4007A3AC1 /* XCRemoteSwiftPackageReference "firebase-ios-sdk" */;
			productName = FirebaseAuth;
		};
		E26AC4112B86C22200BB5A7D /* Lottie */ = {
			isa = XCSwiftPackageProductDependency;
			package = E26AC4102B86C22200BB5A7D /* XCRemoteSwiftPackageReference "lottie-ios" */;
			productName = Lottie;
		};
		E2AFB9732BD24C1A00B2828B /* FirebaseAnalytics */ = {
			isa = XCSwiftPackageProductDependency;
			package = E24BCCB32B93DFA4007A3AC1 /* XCRemoteSwiftPackageReference "firebase-ios-sdk" */;
			productName = FirebaseAnalytics;
		};
		E2AFB9752BD24C1A00B2828B /* FirebaseAnalyticsOnDeviceConversion */ = {
			isa = XCSwiftPackageProductDependency;
			package = E24BCCB32B93DFA4007A3AC1 /* XCRemoteSwiftPackageReference "firebase-ios-sdk" */;
			productName = FirebaseAnalyticsOnDeviceConversion;
		};
		E2AFB9772BD24C1A00B2828B /* FirebaseAnalyticsSwift */ = {
			isa = XCSwiftPackageProductDependency;
			package = E24BCCB32B93DFA4007A3AC1 /* XCRemoteSwiftPackageReference "firebase-ios-sdk" */;
			productName = FirebaseAnalyticsSwift;
		};
		E2AFB9792BD24C1A00B2828B /* FirebaseAnalyticsWithoutAdIdSupport */ = {
			isa = XCSwiftPackageProductDependency;
			package = E24BCCB32B93DFA4007A3AC1 /* XCRemoteSwiftPackageReference "firebase-ios-sdk" */;
			productName = FirebaseAnalyticsWithoutAdIdSupport;
		};
		E2AFB97B2BD24C1A00B2828B /* FirebaseAppCheck */ = {
			isa = XCSwiftPackageProductDependency;
			package = E24BCCB32B93DFA4007A3AC1 /* XCRemoteSwiftPackageReference "firebase-ios-sdk" */;
			productName = FirebaseAppCheck;
		};
		E2AFB97D2BD24C1A00B2828B /* FirebaseAppDistribution-Beta */ = {
			isa = XCSwiftPackageProductDependency;
			package = E24BCCB32B93DFA4007A3AC1 /* XCRemoteSwiftPackageReference "firebase-ios-sdk" */;
			productName = "FirebaseAppDistribution-Beta";
		};
		E2AFB97F2BD24C1A00B2828B /* FirebaseAuthCombine-Community */ = {
			isa = XCSwiftPackageProductDependency;
			package = E24BCCB32B93DFA4007A3AC1 /* XCRemoteSwiftPackageReference "firebase-ios-sdk" */;
			productName = "FirebaseAuthCombine-Community";
		};
		E2AFB9812BD24C1A00B2828B /* FirebaseCrashlytics */ = {
			isa = XCSwiftPackageProductDependency;
			package = E24BCCB32B93DFA4007A3AC1 /* XCRemoteSwiftPackageReference "firebase-ios-sdk" */;
			productName = FirebaseCrashlytics;
		};
		E2AFB9832BD24C1A00B2828B /* FirebaseDatabase */ = {
			isa = XCSwiftPackageProductDependency;
			package = E24BCCB32B93DFA4007A3AC1 /* XCRemoteSwiftPackageReference "firebase-ios-sdk" */;
			productName = FirebaseDatabase;
		};
		E2AFB9852BD24C1A00B2828B /* FirebaseDatabaseSwift */ = {
			isa = XCSwiftPackageProductDependency;
			package = E24BCCB32B93DFA4007A3AC1 /* XCRemoteSwiftPackageReference "firebase-ios-sdk" */;
			productName = FirebaseDatabaseSwift;
		};
		E2AFB9872BD24C1A00B2828B /* FirebaseDynamicLinks */ = {
			isa = XCSwiftPackageProductDependency;
			package = E24BCCB32B93DFA4007A3AC1 /* XCRemoteSwiftPackageReference "firebase-ios-sdk" */;
			productName = FirebaseDynamicLinks;
		};
		E2AFB9892BD24C1A00B2828B /* FirebaseFirestore */ = {
			isa = XCSwiftPackageProductDependency;
			package = E24BCCB32B93DFA4007A3AC1 /* XCRemoteSwiftPackageReference "firebase-ios-sdk" */;
			productName = FirebaseFirestore;
		};
		E2AFB98B2BD24C1A00B2828B /* FirebaseFirestoreCombine-Community */ = {
			isa = XCSwiftPackageProductDependency;
			package = E24BCCB32B93DFA4007A3AC1 /* XCRemoteSwiftPackageReference "firebase-ios-sdk" */;
			productName = "FirebaseFirestoreCombine-Community";
		};
		E2AFB98D2BD24C1A00B2828B /* FirebaseFirestoreSwift */ = {
			isa = XCSwiftPackageProductDependency;
			package = E24BCCB32B93DFA4007A3AC1 /* XCRemoteSwiftPackageReference "firebase-ios-sdk" */;
			productName = FirebaseFirestoreSwift;
		};
		E2AFB98F2BD24C1A00B2828B /* FirebaseFunctions */ = {
			isa = XCSwiftPackageProductDependency;
			package = E24BCCB32B93DFA4007A3AC1 /* XCRemoteSwiftPackageReference "firebase-ios-sdk" */;
			productName = FirebaseFunctions;
		};
		E2AFB9912BD24C1A00B2828B /* FirebaseFunctionsCombine-Community */ = {
			isa = XCSwiftPackageProductDependency;
			package = E24BCCB32B93DFA4007A3AC1 /* XCRemoteSwiftPackageReference "firebase-ios-sdk" */;
			productName = "FirebaseFunctionsCombine-Community";
		};
		E2AFB9932BD24C1A00B2828B /* FirebaseInAppMessaging-Beta */ = {
			isa = XCSwiftPackageProductDependency;
			package = E24BCCB32B93DFA4007A3AC1 /* XCRemoteSwiftPackageReference "firebase-ios-sdk" */;
			productName = "FirebaseInAppMessaging-Beta";
		};
		E2AFB9952BD24C1A00B2828B /* FirebaseInAppMessagingSwift-Beta */ = {
			isa = XCSwiftPackageProductDependency;
			package = E24BCCB32B93DFA4007A3AC1 /* XCRemoteSwiftPackageReference "firebase-ios-sdk" */;
			productName = "FirebaseInAppMessagingSwift-Beta";
		};
		E2AFB9972BD24C1A00B2828B /* FirebaseInstallations */ = {
			isa = XCSwiftPackageProductDependency;
			package = E24BCCB32B93DFA4007A3AC1 /* XCRemoteSwiftPackageReference "firebase-ios-sdk" */;
			productName = FirebaseInstallations;
		};
		E2AFB9992BD24C1A00B2828B /* FirebaseMLModelDownloader */ = {
			isa = XCSwiftPackageProductDependency;
			package = E24BCCB32B93DFA4007A3AC1 /* XCRemoteSwiftPackageReference "firebase-ios-sdk" */;
			productName = FirebaseMLModelDownloader;
		};
		E2AFB99B2BD24C1A00B2828B /* FirebaseMessaging */ = {
			isa = XCSwiftPackageProductDependency;
			package = E24BCCB32B93DFA4007A3AC1 /* XCRemoteSwiftPackageReference "firebase-ios-sdk" */;
			productName = FirebaseMessaging;
		};
		E2AFB99D2BD24C1A00B2828B /* FirebasePerformance */ = {
			isa = XCSwiftPackageProductDependency;
			package = E24BCCB32B93DFA4007A3AC1 /* XCRemoteSwiftPackageReference "firebase-ios-sdk" */;
			productName = FirebasePerformance;
		};
		E2AFB99F2BD24C1A00B2828B /* FirebaseRemoteConfig */ = {
			isa = XCSwiftPackageProductDependency;
			package = E24BCCB32B93DFA4007A3AC1 /* XCRemoteSwiftPackageReference "firebase-ios-sdk" */;
			productName = FirebaseRemoteConfig;
		};
		E2AFB9A12BD24C1A00B2828B /* FirebaseRemoteConfigSwift */ = {
			isa = XCSwiftPackageProductDependency;
			package = E24BCCB32B93DFA4007A3AC1 /* XCRemoteSwiftPackageReference "firebase-ios-sdk" */;
			productName = FirebaseRemoteConfigSwift;
		};
		E2AFB9A32BD24C1A00B2828B /* FirebaseStorage */ = {
			isa = XCSwiftPackageProductDependency;
			package = E24BCCB32B93DFA4007A3AC1 /* XCRemoteSwiftPackageReference "firebase-ios-sdk" */;
			productName = FirebaseStorage;
		};
		E2AFB9A52BD24C1A00B2828B /* FirebaseStorageCombine-Community */ = {
			isa = XCSwiftPackageProductDependency;
			package = E24BCCB32B93DFA4007A3AC1 /* XCRemoteSwiftPackageReference "firebase-ios-sdk" */;
			productName = "FirebaseStorageCombine-Community";
		};
/* End XCSwiftPackageProductDependency section */
	};
	rootObject = E26AC3D52B86C0A700BB5A7D /* Project object */;
}
